
Microsoft Visual Studio Solution File, Format Version 12.00
# Visual Studio Version 17
VisualStudioVersion = 17.6.33829.357
MinimumVisualStudioVersion = 10.0.40219.1
Project("{FAE04EC0-301F-11D3-BF4B-00C04F79EFBC}") = "Backend_Android_2024", "Backend_Android_2024\Backend_Android_2024.csproj", "{2B7E42C7-0DD4-40AC-A065-76B382131675}"
EndProject
Global
	GlobalSection(SolutionConfigurationPlatforms) = preSolution
		Debug|Any CPU = Debug|Any CPU
		Release|Any CPU = Release|Any CPU
	EndGlobalSection
	GlobalSection(ProjectConfigurationPlatforms) = postSolution
		{2B7E42C7-0DD4-40AC-A065-76B382131675}.Debug|Any CPU.ActiveCfg = Debug|Any CPU
		{2B7E42C7-0DD4-40AC-A065-76B382131675}.Debug|Any CPU.Build.0 = Debug|Any CPU
		{2B7E42C7-0DD4-40AC-A065-76B382131675}.Release|Any CPU.ActiveCfg = Release|Any CPU
		{2B7E42C7-0DD4-40AC-A065-76B382131675}.Release|Any CPU.Build.0 = Release|Any CPU
	EndGlobalSection
	GlobalSection(SolutionProperties) = preSolution
		HideSolutionNode = FALSE
	EndGlobalSection
	GlobalSection(ExtensibilityGlobals) = postSolution
		SolutionGuid = {FE487E23-3577-4D84-A56F-C2F487B6B678}
	EndGlobalSection
EndGlobal
